
Microsoft Visual Studio Solution File, Format Version 12.00
# Visual Studio Version 17
VisualStudioVersion = 17.12.35707.178 d17.12
MinimumVisualStudioVersion = 10.0.40219.1
Project("{FAE04EC0-301F-11D3-BF4B-00C04F79EFBC}") = "Challenge2", "Challenge2\Challenge2.csproj", "{AAF52DA0-9317-42D6-9CBC-53262F618DCE}"
EndProject
Global
	GlobalSection(SolutionConfigurationPlatforms) = preSolution
		Debug|Any CPU = Debug|Any CPU
		Release|Any CPU = Release|Any CPU
	EndGlobalSection
	GlobalSection(ProjectConfigurationPlatforms) = postSolution
		{AAF52DA0-9317-42D6-9CBC-53262F618DCE}.Debug|Any CPU.ActiveCfg = Debug|Any CPU
		{AAF52DA0-9317-42D6-9CBC-53262F618DCE}.Debug|Any CPU.Build.0 = Debug|Any CPU
		{AAF52DA0-9317-42D6-9CBC-53262F618DCE}.Release|Any CPU.ActiveCfg = Release|Any CPU
		{AAF52DA0-9317-42D6-9CBC-53262F618DCE}.Release|Any CPU.Build.0 = Release|Any CPU
	EndGlobalSection
	GlobalSection(SolutionProperties) = preSolution
		HideSolutionNode = FALSE
	EndGlobalSection
EndGlobal
